
Microsoft Visual Studio Solution File, Format Version 12.00
# Visual Studio Version 17
VisualStudioVersion = 17.0.31919.166
MinimumVisualStudioVersion = 10.0.40219.1
Project("{8BC9CEB8-8B4A-11D0-8D11-00A0C91BC942}") = "lab1", "lab1_zad1\lab1_zad1.vcxproj", "{5C9C1F9E-134F-495A-8E47-FB0CCD1530EA}"
EndProject
Project("{8BC9CEB8-8B4A-11D0-8D11-00A0C91BC942}") = "lab2", "lab2\lab2.vcxproj", "{548CEFE0-8F90-41EB-BE0C-8AD08B46517E}"
EndProject
Project("{8BC9CEB8-8B4A-11D0-8D11-00A0C91BC942}") = "lab3", "lab3\lab3.vcxproj", "{AA2C40D6-AD01-40E0-88DB-DA2F82217E09}"
EndProject
Project("{8BC9CEB8-8B4A-11D0-8D11-00A0C91BC942}") = "lab4", "lab4\lab4.vcxproj", "{3DB6E052-9506-4767-9075-DE82C9EEE0D2}"
EndProject
Project("{8BC9CEB8-8B4A-11D0-8D11-00A0C91BC942}") = "lab5", "lab5\lab5.vcxproj", "{2F040B6E-0F56-42BE-B230-1C86FF8624C6}"
EndProject
Project("{8BC9CEB8-8B4A-11D0-8D11-00A0C91BC942}") = "lab6", "lab6\lab6.vcxproj", "{41FACB49-9552-4B42-9CFF-7A85B3F42698}"
EndProject
Project("{8BC9CEB8-8B4A-11D0-8D11-00A0C91BC942}") = "lab7", "lab7\lab7.vcxproj", "{A30A2B32-4216-4964-9EFF-BF2CEA7F29DE}"
EndProject
Project("{8BC9CEB8-8B4A-11D0-8D11-00A0C91BC942}") = "lab8", "lab8\lab8.vcxproj", "{800D1FF3-EE1D-453C-8003-DAB21219900C}"
EndProject
Project("{8BC9CEB8-8B4A-11D0-8D11-00A0C91BC942}") = "lab9", "lab9\lab9.vcxproj", "{D8BD4328-DF8C-4B18-A6A3-8242853BEAC2}"
EndProject
Global
	GlobalSection(SolutionConfigurationPlatforms) = preSolution
		Debug|x64 = Debug|x64
		Debug|x86 = Debug|x86
		Release|x64 = Release|x64
		Release|x86 = Release|x86
	EndGlobalSection
	GlobalSection(ProjectConfigurationPlatforms) = postSolution
		{5C9C1F9E-134F-495A-8E47-FB0CCD1530EA}.Debug|x64.ActiveCfg = Debug|x64
		{5C9C1F9E-134F-495A-8E47-FB0CCD1530EA}.Debug|x64.Build.0 = Debug|x64
		{5C9C1F9E-134F-495A-8E47-FB0CCD1530EA}.Debug|x86.ActiveCfg = Debug|Win32
		{5C9C1F9E-134F-495A-8E47-FB0CCD1530EA}.Debug|x86.Build.0 = Debug|Win32
		{5C9C1F9E-134F-495A-8E47-FB0CCD1530EA}.Release|x64.ActiveCfg = Release|x64
		{5C9C1F9E-134F-495A-8E47-FB0CCD1530EA}.Release|x64.Build.0 = Release|x64
		{5C9C1F9E-134F-495A-8E47-FB0CCD1530EA}.Release|x86.ActiveCfg = Release|Win32
		{5C9C1F9E-134F-495A-8E47-FB0CCD1530EA}.Release|x86.Build.0 = Release|Win32
		{548CEFE0-8F90-41EB-BE0C-8AD08B46517E}.Debug|x64.ActiveCfg = Debug|x64
		{548CEFE0-8F90-41EB-BE0C-8AD08B46517E}.Debug|x64.Build.0 = Debug|x64
		{548CEFE0-8F90-41EB-BE0C-8AD08B46517E}.Debug|x86.ActiveCfg = Debug|Win32
		{548CEFE0-8F90-41EB-BE0C-8AD08B46517E}.Debug|x86.Build.0 = Debug|Win32
		{548CEFE0-8F90-41EB-BE0C-8AD08B46517E}.Release|x64.ActiveCfg = Release|x64
		{548CEFE0-8F90-41EB-BE0C-8AD08B46517E}.Release|x64.Build.0 = Release|x64
		{548CEFE0-8F90-41EB-BE0C-8AD08B46517E}.Release|x86.ActiveCfg = Release|Win32
		{548CEFE0-8F90-41EB-BE0C-8AD08B46517E}.Release|x86.Build.0 = Release|Win32
		{AA2C40D6-AD01-40E0-88DB-DA2F82217E09}.Debug|x64.ActiveCfg = Debug|x64
		{AA2C40D6-AD01-40E0-88DB-DA2F82217E09}.Debug|x64.Build.0 = Debug|x64
		{AA2C40D6-AD01-40E0-88DB-DA2F82217E09}.Debug|x86.ActiveCfg = Debug|Win32
		{AA2C40D6-AD01-40E0-88DB-DA2F82217E09}.Debug|x86.Build.0 = Debug|Win32
		{AA2C40D6-AD01-40E0-88DB-DA2F82217E09}.Release|x64.ActiveCfg = Release|x64
		{AA2C40D6-AD01-40E0-88DB-DA2F82217E09}.Release|x64.Build.0 = Release|x64
		{AA2C40D6-AD01-40E0-88DB-DA2F82217E09}.Release|x86.ActiveCfg = Release|Win32
		{AA2C40D6-AD01-40E0-88DB-DA2F82217E09}.Release|x86.Build.0 = Release|Win32
		{3DB6E052-9506-4767-9075-DE82C9EEE0D2}.Debug|x64.ActiveCfg = Debug|x64
		{3DB6E052-9506-4767-9075-DE82C9EEE0D2}.Debug|x64.Build.0 = Debug|x64
		{3DB6E052-9506-4767-9075-DE82C9EEE0D2}.Debug|x86.ActiveCfg = Debug|Win32
		{3DB6E052-9506-4767-9075-DE82C9EEE0D2}.Debug|x86.Build.0 = Debug|Win32
		{3DB6E052-9506-4767-9075-DE82C9EEE0D2}.Release|x64.ActiveCfg = Release|x64
		{3DB6E052-9506-4767-9075-DE82C9EEE0D2}.Release|x64.Build.0 = Release|x64
		{3DB6E052-9506-4767-9075-DE82C9EEE0D2}.Release|x86.ActiveCfg = Release|Win32
		{3DB6E052-9506-4767-9075-DE82C9EEE0D2}.Release|x86.Build.0 = Release|Win32
		{2F040B6E-0F56-42BE-B230-1C86FF8624C6}.Debug|x64.ActiveCfg = Debug|x64
		{2F040B6E-0F56-42BE-B230-1C86FF8624C6}.Debug|x64.Build.0 = Debug|x64
		{2F040B6E-0F56-42BE-B230-1C86FF8624C6}.Debug|x86.ActiveCfg = Debug|Win32
		{2F040B6E-0F56-42BE-B230-1C86FF8624C6}.Debug|x86.Build.0 = Debug|Win32
		{2F040B6E-0F56-42BE-B230-1C86FF8624C6}.Release|x64.ActiveCfg = Release|x64
		{2F040B6E-0F56-42BE-B230-1C86FF8624C6}.Release|x64.Build.0 = Release|x64
		{2F040B6E-0F56-42BE-B230-1C86FF8624C6}.Release|x86.ActiveCfg = Release|Win32
		{2F040B6E-0F56-42BE-B230-1C86FF8624C6}.Release|x86.Build.0 = Release|Win32
		{41FACB49-9552-4B42-9CFF-7A85B3F42698}.Debug|x64.ActiveCfg = Debug|x64
		{41FACB49-9552-4B42-9CFF-7A85B3F42698}.Debug|x64.Build.0 = Debug|x64
		{41FACB49-9552-4B42-9CFF-7A85B3F42698}.Debug|x86.ActiveCfg = Debug|Win32
		{41FACB49-9552-4B42-9CFF-7A85B3F42698}.Debug|x86.Build.0 = Debug|Win32
		{41FACB49-9552-4B42-9CFF-7A85B3F42698}.Release|x64.ActiveCfg = Release|x64
		{41FACB49-9552-4B42-9CFF-7A85B3F42698}.Release|x64.Build.0 = Release|x64
		{41FACB49-9552-4B42-9CFF-7A85B3F42698}.Release|x86.ActiveCfg = Release|Win32
		{41FACB49-9552-4B42-9CFF-7A85B3F42698}.Release|x86.Build.0 = Release|Win32
		{A30A2B32-4216-4964-9EFF-BF2CEA7F29DE}.Debug|x64.ActiveCfg = Debug|x64
		{A30A2B32-4216-4964-9EFF-BF2CEA7F29DE}.Debug|x64.Build.0 = Debug|x64
		{A30A2B32-4216-4964-9EFF-BF2CEA7F29DE}.Debug|x86.ActiveCfg = Debug|Win32
		{A30A2B32-4216-4964-9EFF-BF2CEA7F29DE}.Debug|x86.Build.0 = Debug|Win32
		{A30A2B32-4216-4964-9EFF-BF2CEA7F29DE}.Release|x64.ActiveCfg = Release|x64
		{A30A2B32-4216-4964-9EFF-BF2CEA7F29DE}.Release|x64.Build.0 = Release|x64
		{A30A2B32-4216-4964-9EFF-BF2CEA7F29DE}.Release|x86.ActiveCfg = Release|Win32
		{A30A2B32-4216-4964-9EFF-BF2CEA7F29DE}.Release|x86.Build.0 = Release|Win32
		{800D1FF3-EE1D-453C-8003-DAB21219900C}.Debug|x64.ActiveCfg = Debug|x64
		{800D1FF3-EE1D-453C-8003-DAB21219900C}.Debug|x64.Build.0 = Debug|x64
		{800D1FF3-EE1D-453C-8003-DAB21219900C}.Debug|x86.ActiveCfg = Debug|Win32
		{800D1FF3-EE1D-453C-8003-DAB21219900C}.Debug|x86.Build.0 = Debug|Win32
		{800D1FF3-EE1D-453C-8003-DAB21219900C}.Release|x64.ActiveCfg = Release|x64
		{800D1FF3-EE1D-453C-8003-DAB21219900C}.Release|x64.Build.0 = Release|x64
		{800D1FF3-EE1D-453C-8003-DAB21219900C}.Release|x86.ActiveCfg = Release|Win32
		{800D1FF3-EE1D-453C-8003-DAB21219900C}.Release|x86.Build.0 = Release|Win32
		{D8BD4328-DF8C-4B18-A6A3-8242853BEAC2}.Debug|x64.ActiveCfg = Debug|x64
		{D8BD4328-DF8C-4B18-A6A3-8242853BEAC2}.Debug|x64.Build.0 = Debug|x64
		{D8BD4328-DF8C-4B18-A6A3-8242853BEAC2}.Debug|x86.ActiveCfg = Debug|Win32
		{D8BD4328-DF8C-4B18-A6A3-8242853BEAC2}.Debug|x86.Build.0 = Debug|Win32
		{D8BD4328-DF8C-4B18-A6A3-8242853BEAC2}.Release|x64.ActiveCfg = Release|x64
		{D8BD4328-DF8C-4B18-A6A3-8242853BEAC2}.Release|x64.Build.0 = Release|x64
		{D8BD4328-DF8C-4B18-A6A3-8242853BEAC2}.Release|x86.ActiveCfg = Release|Win32
		{D8BD4328-DF8C-4B18-A6A3-8242853BEAC2}.Release|x86.Build.0 = Release|Win32
	EndGlobalSection
	GlobalSection(SolutionProperties) = preSolution
		HideSolutionNode = FALSE
	EndGlobalSection
	GlobalSection(ExtensibilityGlobals) = postSolution
		SolutionGuid = {796AFDF5-41DD-47DC-AFF4-172AA79F9C40}
	EndGlobalSection
EndGlobal
